
Microsoft Visual Studio Solution File, Format Version 12.00
# Visual Studio Version 17
VisualStudioVersion = 17.0.31903.59
MinimumVisualStudioVersion = 10.0.40219.1
Project("{FAE04EC0-301F-11D3-BF4B-00C04F79EFBC}") = "FifaWorldCupBetting.Api", "FifaWorldCupBetting.Api\FifaWorldCupBetting.Api.csproj", "{2228BCFA-5858-4D0F-8260-494E4A1C9A0A}"
EndProject
Project("{FAE04EC0-301F-11D3-BF4B-00C04F79EFBC}") = "FifaWorldCupBetting.Domain", "FifaWorldCupBetting.Domain\FifaWorldCupBetting.Domain.csproj", "{D0571EB4-16C7-414A-9543-6FE3C502EAC8}"
EndProject
Project("{FAE04EC0-301F-11D3-BF4B-00C04F79EFBC}") = "FifaWorldCupBetting.Infrastructure", "FifaWorldCupBetting.Infrastructure\FifaWorldCupBetting.Infrastructure.csproj", "{36B2F451-5F93-4A66-B09E-4DB5DF1D5378}"
EndProject
Project("{FAE04EC0-301F-11D3-BF4B-00C04F79EFBC}") = "FifaWorldCupBetting.Application", "FifaWorldCupBetting.Application\FifaWorldCupBetting.Application.csproj", "{7C71DA4F-D603-4AC7-9BCE-AD210E5939CB}"
EndProject
Global
	GlobalSection(SolutionConfigurationPlatforms) = preSolution
		Debug|Any CPU = Debug|Any CPU
		Debug|x64 = Debug|x64
		Debug|x86 = Debug|x86
		Release|Any CPU = Release|Any CPU
		Release|x64 = Release|x64
		Release|x86 = Release|x86
	EndGlobalSection
	GlobalSection(ProjectConfigurationPlatforms) = postSolution
		{2228BCFA-5858-4D0F-8260-494E4A1C9A0A}.Debug|Any CPU.ActiveCfg = Debug|Any CPU
		{2228BCFA-5858-4D0F-8260-494E4A1C9A0A}.Debug|Any CPU.Build.0 = Debug|Any CPU
		{2228BCFA-5858-4D0F-8260-494E4A1C9A0A}.Debug|x64.ActiveCfg = Debug|Any CPU
		{2228BCFA-5858-4D0F-8260-494E4A1C9A0A}.Debug|x64.Build.0 = Debug|Any CPU
		{2228BCFA-5858-4D0F-8260-494E4A1C9A0A}.Debug|x86.ActiveCfg = Debug|Any CPU
		{2228BCFA-5858-4D0F-8260-494E4A1C9A0A}.Debug|x86.Build.0 = Debug|Any CPU
		{2228BCFA-5858-4D0F-8260-494E4A1C9A0A}.Release|Any CPU.ActiveCfg = Release|Any CPU
		{2228BCFA-5858-4D0F-8260-494E4A1C9A0A}.Release|Any CPU.Build.0 = Release|Any CPU
		{2228BCFA-5858-4D0F-8260-494E4A1C9A0A}.Release|x64.ActiveCfg = Release|Any CPU
		{2228BCFA-5858-4D0F-8260-494E4A1C9A0A}.Release|x64.Build.0 = Release|Any CPU
		{2228BCFA-5858-4D0F-8260-494E4A1C9A0A}.Release|x86.ActiveCfg = Release|Any CPU
		{2228BCFA-5858-4D0F-8260-494E4A1C9A0A}.Release|x86.Build.0 = Release|Any CPU
		{D0571EB4-16C7-414A-9543-6FE3C502EAC8}.Debug|Any CPU.ActiveCfg = Debug|Any CPU
		{D0571EB4-16C7-414A-9543-6FE3C502EAC8}.Debug|Any CPU.Build.0 = Debug|Any CPU
		{D0571EB4-16C7-414A-9543-6FE3C502EAC8}.Debug|x64.ActiveCfg = Debug|Any CPU
		{D0571EB4-16C7-414A-9543-6FE3C502EAC8}.Debug|x64.Build.0 = Debug|Any CPU
		{D0571EB4-16C7-414A-9543-6FE3C502EAC8}.Debug|x86.ActiveCfg = Debug|Any CPU
		{D0571EB4-16C7-414A-9543-6FE3C502EAC8}.Debug|x86.Build.0 = Debug|Any CPU
		{D0571EB4-16C7-414A-9543-6FE3C502EAC8}.Release|Any CPU.ActiveCfg = Release|Any CPU
		{D0571EB4-16C7-414A-9543-6FE3C502EAC8}.Release|Any CPU.Build.0 = Release|Any CPU
		{D0571EB4-16C7-414A-9543-6FE3C502EAC8}.Release|x64.ActiveCfg = Release|Any CPU
		{D0571EB4-16C7-414A-9543-6FE3C502EAC8}.Release|x64.Build.0 = Release|Any CPU
		{D0571EB4-16C7-414A-9543-6FE3C502EAC8}.Release|x86.ActiveCfg = Release|Any CPU
		{D0571EB4-16C7-414A-9543-6FE3C502EAC8}.Release|x86.Build.0 = Release|Any CPU
		{36B2F451-5F93-4A66-B09E-4DB5DF1D5378}.Debug|Any CPU.ActiveCfg = Debug|Any CPU
		{36B2F451-5F93-4A66-B09E-4DB5DF1D5378}.Debug|Any CPU.Build.0 = Debug|Any CPU
		{36B2F451-5F93-4A66-B09E-4DB5DF1D5378}.Debug|x64.ActiveCfg = Debug|Any CPU
		{36B2F451-5F93-4A66-B09E-4DB5DF1D5378}.Debug|x64.Build.0 = Debug|Any CPU
		{36B2F451-5F93-4A66-B09E-4DB5DF1D5378}.Debug|x86.ActiveCfg = Debug|Any CPU
		{36B2F451-5F93-4A66-B09E-4DB5DF1D5378}.Debug|x86.Build.0 = Debug|Any CPU
		{36B2F451-5F93-4A66-B09E-4DB5DF1D5378}.Release|Any CPU.ActiveCfg = Release|Any CPU
		{36B2F451-5F93-4A66-B09E-4DB5DF1D5378}.Release|Any CPU.Build.0 = Release|Any CPU
		{36B2F451-5F93-4A66-B09E-4DB5DF1D5378}.Release|x64.ActiveCfg = Release|Any CPU
		{36B2F451-5F93-4A66-B09E-4DB5DF1D5378}.Release|x64.Build.0 = Release|Any CPU
		{36B2F451-5F93-4A66-B09E-4DB5DF1D5378}.Release|x86.ActiveCfg = Release|Any CPU
		{36B2F451-5F93-4A66-B09E-4DB5DF1D5378}.Release|x86.Build.0 = Release|Any CPU
		{7C71DA4F-D603-4AC7-9BCE-AD210E5939CB}.Debug|Any CPU.ActiveCfg = Debug|Any CPU
		{7C71DA4F-D603-4AC7-9BCE-AD210E5939CB}.Debug|Any CPU.Build.0 = Debug|Any CPU
		{7C71DA4F-D603-4AC7-9BCE-AD210E5939CB}.Debug|x64.ActiveCfg = Debug|Any CPU
		{7C71DA4F-D603-4AC7-9BCE-AD210E5939CB}.Debug|x64.Build.0 = Debug|Any CPU
		{7C71DA4F-D603-4AC7-9BCE-AD210E5939CB}.Debug|x86.ActiveCfg = Debug|Any CPU
		{7C71DA4F-D603-4AC7-9BCE-AD210E5939CB}.Debug|x86.Build.0 = Debug|Any CPU
		{7C71DA4F-D603-4AC7-9BCE-AD210E5939CB}.Release|Any CPU.ActiveCfg = Release|Any CPU
		{7C71DA4F-D603-4AC7-9BCE-AD210E5939CB}.Release|Any CPU.Build.0 = Release|Any CPU
		{7C71DA4F-D603-4AC7-9BCE-AD210E5939CB}.Release|x64.ActiveCfg = Release|Any CPU
		{7C71DA4F-D603-4AC7-9BCE-AD210E5939CB}.Release|x64.Build.0 = Release|Any CPU
		{7C71DA4F-D603-4AC7-9BCE-AD210E5939CB}.Release|x86.ActiveCfg = Release|Any CPU
		{7C71DA4F-D603-4AC7-9BCE-AD210E5939CB}.Release|x86.Build.0 = Release|Any CPU
	EndGlobalSection
	GlobalSection(SolutionProperties) = preSolution
		HideSolutionNode = FALSE
	EndGlobalSection
EndGlobal
